
Microsoft Visual Studio Solution File, Format Version 12.00
# Visual Studio Version 17
VisualStudioVersion = 17.8.34330.188
MinimumVisualStudioVersion = 10.0.40219.1
Project("{FAE04EC0-301F-11D3-BF4B-00C04F79EFBC}") = "L01P022020CG604", "L01P022020CG604\L01P022020CG604.csproj", "{04724478-28C0-4322-9B5D-275F5C30C846}"
EndProject
Global
	GlobalSection(SolutionConfigurationPlatforms) = preSolution
		Debug|Any CPU = Debug|Any CPU
		Release|Any CPU = Release|Any CPU
	EndGlobalSection
	GlobalSection(ProjectConfigurationPlatforms) = postSolution
		{04724478-28C0-4322-9B5D-275F5C30C846}.Debug|Any CPU.ActiveCfg = Debug|Any CPU
		{04724478-28C0-4322-9B5D-275F5C30C846}.Debug|Any CPU.Build.0 = Debug|Any CPU
		{04724478-28C0-4322-9B5D-275F5C30C846}.Release|Any CPU.ActiveCfg = Release|Any CPU
		{04724478-28C0-4322-9B5D-275F5C30C846}.Release|Any CPU.Build.0 = Release|Any CPU
	EndGlobalSection
	GlobalSection(SolutionProperties) = preSolution
		HideSolutionNode = FALSE
	EndGlobalSection
	GlobalSection(ExtensibilityGlobals) = postSolution
		SolutionGuid = {AE7B4731-E9AE-4665-8FBD-8D2DA8EDA629}
	EndGlobalSection
EndGlobal
